
Microsoft Visual Studio Solution File, Format Version 12.00
# Visual Studio 15
VisualStudioVersion = 15.0.27703.2042
MinimumVisualStudioVersion = 10.0.40219.1
Project("{FAE04EC0-301F-11D3-BF4B-00C04F79EFBC}") = "HotelsServiceLibrary", "HotelsServiceLibrary.csproj", "{F7CB7B5B-90A2-4C9F-8469-BFBBEA90FB3B}"
EndProject
Project("{FAE04EC0-301F-11D3-BF4B-00C04F79EFBC}") = "Hotel", "..\Hotel\Hotel.csproj", "{D8BFAD2B-027E-4C6B-A41F-DDE1A59A61C1}"
	ProjectSection(ProjectDependencies) = postProject
		{F7CB7B5B-90A2-4C9F-8469-BFBBEA90FB3B} = {F7CB7B5B-90A2-4C9F-8469-BFBBEA90FB3B}
	EndProjectSection
EndProject
Global
	GlobalSection(SolutionConfigurationPlatforms) = preSolution
		Debug|Any CPU = Debug|Any CPU
		Release|Any CPU = Release|Any CPU
	EndGlobalSection
	GlobalSection(ProjectConfigurationPlatforms) = postSolution
		{F7CB7B5B-90A2-4C9F-8469-BFBBEA90FB3B}.Debug|Any CPU.ActiveCfg = Debug|Any CPU
		{F7CB7B5B-90A2-4C9F-8469-BFBBEA90FB3B}.Debug|Any CPU.Build.0 = Debug|Any CPU
		{F7CB7B5B-90A2-4C9F-8469-BFBBEA90FB3B}.Release|Any CPU.ActiveCfg = Release|Any CPU
		{F7CB7B5B-90A2-4C9F-8469-BFBBEA90FB3B}.Release|Any CPU.Build.0 = Release|Any CPU
		{D8BFAD2B-027E-4C6B-A41F-DDE1A59A61C1}.Debug|Any CPU.ActiveCfg = Debug|Any CPU
		{D8BFAD2B-027E-4C6B-A41F-DDE1A59A61C1}.Debug|Any CPU.Build.0 = Debug|Any CPU
		{D8BFAD2B-027E-4C6B-A41F-DDE1A59A61C1}.Release|Any CPU.ActiveCfg = Release|Any CPU
		{D8BFAD2B-027E-4C6B-A41F-DDE1A59A61C1}.Release|Any CPU.Build.0 = Release|Any CPU
	EndGlobalSection
	GlobalSection(SolutionProperties) = preSolution
		HideSolutionNode = FALSE
	EndGlobalSection
	GlobalSection(ExtensibilityGlobals) = postSolution
		SolutionGuid = {905FFE5B-885C-43F4-A881-DE3C9F4606CD}
	EndGlobalSection
EndGlobal
